// !$*UTF8*$!
{
	archiveVersion = 1;
	classes = {
	};
	objectVersion = 46;
	objects = {

/* Begin PBXBuildFile section */
		9E1D24EC1846576D00ACEE9E /* Foundation.framework in Frameworks */ = {isa = PBXBuildFile; fileRef = 9E1D24EB1846576D00ACEE9E /* Foundation.framework */; };
		9E1D24EE1846576D00ACEE9E /* CoreGraphics.framework in Frameworks */ = {isa = PBXBuildFile; fileRef = 9E1D24ED1846576D00ACEE9E /* CoreGraphics.framework */; };
		9E1D24F01846576D00ACEE9E /* UIKit.framework in Frameworks */ = {isa = PBXBuildFile; fileRef = 9E1D24EF1846576D00ACEE9E /* UIKit.framework */; };
		9E1D24F61846576D00ACEE9E /* InfoPlist.strings in Resources */ = {isa = PBXBuildFile; fileRef = 9E1D24F41846576D00ACEE9E /* InfoPlist.strings */; };
		9E1D24F81846576D00ACEE9E /* main.m in Sources */ = {isa = PBXBuildFile; fileRef = 9E1D24F71846576D00ACEE9E /* main.m */; };
		9E1D24FC1846576D00ACEE9E /* contactAppDelegate.m in Sources */ = {isa = PBXBuildFile; fileRef = 9E1D24FB1846576D00ACEE9E /* contactAppDelegate.m */; };
		9E1D24FF1846576D00ACEE9E /* Main.storyboard in Resources */ = {isa = PBXBuildFile; fileRef = 9E1D24FD1846576D00ACEE9E /* Main.storyboard */; };
		9E1D25021846576D00ACEE9E /* contactViewController.m in Sources */ = {isa = PBXBuildFile; fileRef = 9E1D25011846576D00ACEE9E /* contactViewController.m */; };
		9E1D25041846576D00ACEE9E /* Images.xcassets in Resources */ = {isa = PBXBuildFile; fileRef = 9E1D25031846576D00ACEE9E /* Images.xcassets */; };
		9E1D250B1846576D00ACEE9E /* XCTest.framework in Frameworks */ = {isa = PBXBuildFile; fileRef = 9E1D250A1846576D00ACEE9E /* XCTest.framework */; };
		9E1D250C1846576D00ACEE9E /* Foundation.framework in Frameworks */ = {isa = PBXBuildFile; fileRef = 9E1D24EB1846576D00ACEE9E /* Foundation.framework */; };
		9E1D250D1846576D00ACEE9E /* UIKit.framework in Frameworks */ = {isa = PBXBuildFile; fileRef = 9E1D24EF1846576D00ACEE9E /* UIKit.framework */; };
		9E1D25151846576D00ACEE9E /* InfoPlist.strings in Resources */ = {isa = PBXBuildFile; fileRef = 9E1D25131846576D00ACEE9E /* InfoPlist.strings */; };
		9E1D25171846576D00ACEE9E /* CleanChinaAppTests.m in Sources */ = {isa = PBXBuildFile; fileRef = 9E1D25161846576D00ACEE9E /* CleanChinaAppTests.m */; };
/* End PBXBuildFile section */

/* Begin PBXContainerItemProxy section */
		9E1D250E1846576D00ACEE9E /* PBXContainerItemProxy */ = {
			isa = PBXContainerItemProxy;
			containerPortal = 9E1D24E01846576D00ACEE9E /* Project object */;
			proxyType = 1;
			remoteGlobalIDString = 9E1D24E71846576D00ACEE9E;
			remoteInfo = CleanChinaApp;
		};
/* End PBXContainerItemProxy section */

/* Begin PBXFileReference section */
		9E1D24E81846576D00ACEE9E /* CleanChinaApp.app */ = {isa = PBXFileReference; explicitFileType = wrapper.application; includeInIndex = 0; path = CleanChinaApp.app; sourceTree = BUILT_PRODUCTS_DIR; };
		9E1D24EB1846576D00ACEE9E /* Foundation.framework */ = {isa = PBXFileReference; lastKnownFileType = wrapper.framework; name = Foundation.framework; path = System/Library/Frameworks/Foundation.framework; sourceTree = SDKROOT; };
		9E1D24ED1846576D00ACEE9E /* CoreGraphics.framework */ = {isa = PBXFileReference; lastKnownFileType = wrapper.framework; name = CoreGraphics.framework; path = System/Library/Frameworks/CoreGraphics.framework; sourceTree = SDKROOT; };
		9E1D24EF1846576D00ACEE9E /* UIKit.framework */ = {isa = PBXFileReference; lastKnownFileType = wrapper.framework; name = UIKit.framework; path = System/Library/Frameworks/UIKit.framework; sourceTree = SDKROOT; };
		9E1D24F31846576D00ACEE9E /* CleanChinaApp-Info.plist */ = {isa = PBXFileReference; lastKnownFileType = text.plist.xml; path = "CleanChinaApp-Info.plist"; sourceTree = "<group>"; };
		9E1D24F51846576D00ACEE9E /* en */ = {isa = PBXFileReference; lastKnownFileType = text.plist.strings; name = en; path = en.lproj/InfoPlist.strings; sourceTree = "<group>"; };
		9E1D24F71846576D00ACEE9E /* main.m */ = {isa = PBXFileReference; lastKnownFileType = sourcecode.c.objc; path = main.m; sourceTree = "<group>"; };
		9E1D24F91846576D00ACEE9E /* CleanChinaApp-Prefix.pch */ = {isa = PBXFileReference; lastKnownFileType = sourcecode.c.h; path = "CleanChinaApp-Prefix.pch"; sourceTree = "<group>"; };
		9E1D24FA1846576D00ACEE9E /* contactAppDelegate.h */ = {isa = PBXFileReference; lastKnownFileType = sourcecode.c.h; path = contactAppDelegate.h; sourceTree = "<group>"; };
		9E1D24FB1846576D00ACEE9E /* contactAppDelegate.m */ = {isa = PBXFileReference; lastKnownFileType = sourcecode.c.objc; path = contactAppDelegate.m; sourceTree = "<group>"; };
		9E1D24FE1846576D00ACEE9E /* Base */ = {isa = PBXFileReference; lastKnownFileType = file.storyboard; name = Base; path = Base.lproj/Main.storyboard; sourceTree = "<group>"; };
		9E1D25001846576D00ACEE9E /* contactViewController.h */ = {isa = PBXFileReference; lastKnownFileType = sourcecode.c.h; path = contactViewController.h; sourceTree = "<group>"; };
		9E1D25011846576D00ACEE9E /* contactViewController.m */ = {isa = PBXFileReference; lastKnownFileType = sourcecode.c.objc; path = contactViewController.m; sourceTree = "<group>"; };
		9E1D25031846576D00ACEE9E /* Images.xcassets */ = {isa = PBXFileReference; lastKnownFileType = folder.assetcatalog; path = Images.xcassets; sourceTree = "<group>"; };
		9E1D25091846576D00ACEE9E /* CleanChinaAppTests.xctest */ = {isa = PBXFileReference; explicitFileType = wrapper.cfbundle; includeInIndex = 0; path = CleanChinaAppTests.xctest; sourceTree = BUILT_PRODUCTS_DIR; };
		9E1D250A1846576D00ACEE9E /* XCTest.framework */ = {isa = PBXFileReference; lastKnownFileType = wrapper.framework; name = XCTest.framework; path = Library/Frameworks/XCTest.framework; sourceTree = DEVELOPER_DIR; };
		9E1D25121846576D00ACEE9E /* CleanChinaAppTests-Info.plist */ = {isa = PBXFileReference; lastKnownFileType = text.plist.xml; path = "CleanChinaAppTests-Info.plist"; sourceTree = "<group>"; };
		9E1D25141846576D00ACEE9E /* en */ = {isa = PBXFileReference; lastKnownFileType = text.plist.strings; name = en; path = en.lproj/InfoPlist.strings; sourceTree = "<group>"; };
		9E1D25161846576D00ACEE9E /* CleanChinaAppTests.m */ = {isa = PBXFileReference; lastKnownFileType = sourcecode.c.objc; path = CleanChinaAppTests.m; sourceTree = "<group>"; };
/* End PBXFileReference section */

/* Begin PBXFrameworksBuildPhase section */
		9E1D24E51846576D00ACEE9E /* Frameworks */ = {
			isa = PBXFrameworksBuildPhase;
			buildActionMask = 2147483647;
			files = (
				9E1D24EE1846576D00ACEE9E /* CoreGraphics.framework in Frameworks */,
				9E1D24F01846576D00ACEE9E /* UIKit.framework in Frameworks */,
				9E1D24EC1846576D00ACEE9E /* Foundation.framework in Frameworks */,
			);
			runOnlyForDeploymentPostprocessing = 0;
		};
		9E1D25061846576D00ACEE9E /* Frameworks */ = {
			isa = PBXFrameworksBuildPhase;
			buildActionMask = 2147483647;
			files = (
				9E1D250B1846576D00ACEE9E /* XCTest.framework in Frameworks */,
				9E1D250D1846576D00ACEE9E /* UIKit.framework in Frameworks */,
				9E1D250C1846576D00ACEE9E /* Foundation.framework in Frameworks */,
			);
			runOnlyForDeploymentPostprocessing = 0;
		};
/* End PBXFrameworksBuildPhase section */

/* Begin PBXGroup section */
		9E1D24DF1846576D00ACEE9E = {
			isa = PBXGroup;
			children = (
				9E1D24F11846576D00ACEE9E /* CleanChinaApp */,
				9E1D25101846576D00ACEE9E /* CleanChinaAppTests */,
				9E1D24EA1846576D00ACEE9E /* Frameworks */,
				9E1D24E91846576D00ACEE9E /* Products */,
			);
			sourceTree = "<group>";
		};
		9E1D24E91846576D00ACEE9E /* Products */ = {
			isa = PBXGroup;
			children = (
				9E1D24E81846576D00ACEE9E /* CleanChinaApp.app */,
				9E1D25091846576D00ACEE9E /* CleanChinaAppTests.xctest */,
			);
			name = Products;
			sourceTree = "<group>";
		};
		9E1D24EA1846576D00ACEE9E /* Frameworks */ = {
			isa = PBXGroup;
			children = (
				9E1D24EB1846576D00ACEE9E /* Foundation.framework */,
				9E1D24ED1846576D00ACEE9E /* CoreGraphics.framework */,
				9E1D24EF1846576D00ACEE9E /* UIKit.framework */,
				9E1D250A1846576D00ACEE9E /* XCTest.framework */,
			);
			name = Frameworks;
			sourceTree = "<group>";
		};
		9E1D24F11846576D00ACEE9E /* CleanChinaApp */ = {
			isa = PBXGroup;
			children = (
				9E1D24FA1846576D00ACEE9E /* contactAppDelegate.h */,
				9E1D24FB1846576D00ACEE9E /* contactAppDelegate.m */,
				9E1D24FD1846576D00ACEE9E /* Main.storyboard */,
				9E1D25001846576D00ACEE9E /* contactViewController.h */,
				9E1D25011846576D00ACEE9E /* contactViewController.m */,
				9E1D25031846576D00ACEE9E /* Images.xcassets */,
				9E1D24F21846576D00ACEE9E /* Supporting Files */,
			);
			path = CleanChinaApp;
			sourceTree = "<group>";
		};
		9E1D24F21846576D00ACEE9E /* Supporting Files */ = {
			isa = PBXGroup;
			children = (
				9E1D24F31846576D00ACEE9E /* CleanChinaApp-Info.plist */,
				9E1D24F41846576D00ACEE9E /* InfoPlist.strings */,
				9E1D24F71846576D00ACEE9E /* main.m */,
				9E1D24F91846576D00ACEE9E /* CleanChinaApp-Prefix.pch */,
			);
			name = "Supporting Files";
			sourceTree = "<group>";
		};
		9E1D25101846576D00ACEE9E /* CleanChinaAppTests */ = {
			isa = PBXGroup;
			children = (
				9E1D25161846576D00ACEE9E /* CleanChinaAppTests.m */,
				9E1D25111846576D00ACEE9E /* Supporting Files */,
			);
			path = CleanChinaAppTests;
			sourceTree = "<group>";
		};
		9E1D25111846576D00ACEE9E /* Supporting Files */ = {
			isa = PBXGroup;
			children = (
				9E1D25121846576D00ACEE9E /* CleanChinaAppTests-Info.plist */,
				9E1D25131846576D00ACEE9E /* InfoPlist.strings */,
			);
			name = "Supporting Files";
			sourceTree = "<group>";
		};
/* End PBXGroup section */

/* Begin PBXNativeTarget section */
		9E1D24E71846576D00ACEE9E /* CleanChinaApp */ = {
			isa = PBXNativeTarget;
			buildConfigurationList = 9E1D251A1846576D00ACEE9E /* Build configuration list for PBXNativeTarget "CleanChinaApp" */;
			buildPhases = (
				9E1D24E41846576D00ACEE9E /* Sources */,
				9E1D24E51846576D00ACEE9E /* Frameworks */,
				9E1D24E61846576D00ACEE9E /* Resources */,
			);
			buildRules = (
			);
			dependencies = (
			);
			name = CleanChinaApp;
			productName = CleanChinaApp;
			productReference = 9E1D24E81846576D00ACEE9E /* CleanChinaApp.app */;
			productType = "com.apple.product-type.application";
		};
		9E1D25081846576D00ACEE9E /* CleanChinaAppTests */ = {
			isa = PBXNativeTarget;
			buildConfigurationList = 9E1D251D1846576D00ACEE9E /* Build configuration list for PBXNativeTarget "CleanChinaAppTests" */;
			buildPhases = (
				9E1D25051846576D00ACEE9E /* Sources */,
				9E1D25061846576D00ACEE9E /* Frameworks */,
				9E1D25071846576D00ACEE9E /* Resources */,
			);
			buildRules = (
			);
			dependencies = (
				9E1D250F1846576D00ACEE9E /* PBXTargetDependency */,
			);
			name = CleanChinaAppTests;
			productName = CleanChinaAppTests;
			productReference = 9E1D25091846576D00ACEE9E /* CleanChinaAppTests.xctest */;
			productType = "com.apple.product-type.bundle.unit-test";
		};
/* End PBXNativeTarget section */

/* Begin PBXProject section */
		9E1D24E01846576D00ACEE9E /* Project object */ = {
			isa = PBXProject;
			attributes = {
				CLASSPREFIX = contact;
				LastUpgradeCheck = 0500;
				ORGANIZATIONNAME = sheely.paean.coretest;
				TargetAttributes = {
					9E1D25081846576D00ACEE9E = {
						TestTargetID = 9E1D24E71846576D00ACEE9E;
					};
				};
			};
			buildConfigurationList = 9E1D24E31846576D00ACEE9E /* Build configuration list for PBXProject "CleanChinaApp" */;
			compatibilityVersion = "Xcode 3.2";
			developmentRegion = English;
			hasScannedForEncodings = 0;
			knownRegions = (
				en,
				Base,
			);
			mainGroup = 9E1D24DF1846576D00ACEE9E;
			productRefGroup = 9E1D24E91846576D00ACEE9E /* Products */;
			projectDirPath = "";
			projectRoot = "";
			targets = (
				9E1D24E71846576D00ACEE9E /* CleanChinaApp */,
				9E1D25081846576D00ACEE9E /* CleanChinaAppTests */,
			);
		};
/* End PBXProject section */

/* Begin PBXResourcesBuildPhase section */
		9E1D24E61846576D00ACEE9E /* Resources */ = {
			isa = PBXResourcesBuildPhase;
			buildActionMask = 2147483647;
			files = (
				9E1D25041846576D00ACEE9E /* Images.xcassets in Resources */,
				9E1D24F61846576D00ACEE9E /* InfoPlist.strings in Resources */,
				9E1D24FF1846576D00ACEE9E /* Main.storyboard in Resources */,
			);
			runOnlyForDeploymentPostprocessing = 0;
		};
		9E1D25071846576D00ACEE9E /* Resources */ = {
			isa = PBXResourcesBuildPhase;
			buildActionMask = 2147483647;
			files = (
				9E1D25151846576D00ACEE9E /* InfoPlist.strings in Resources */,
			);
			runOnlyForDeploymentPostprocessing = 0;
		};
/* End PBXResourcesBuildPhase section */

/* Begin PBXSourcesBuildPhase section */
		9E1D24E41846576D00ACEE9E /* Sources */ = {
			isa = PBXSourcesBuildPhase;
			buildActionMask = 2147483647;
			files = (
				9E1D25021846576D00ACEE9E /* contactViewController.m in Sources */,
				9E1D24F81846576D00ACEE9E /* main.m in Sources */,
				9E1D24FC1846576D00ACEE9E /* contactAppDelegate.m in Sources */,
			);
			runOnlyForDeploymentPostprocessing = 0;
		};
		9E1D25051846576D00ACEE9E /* Sources */ = {
			isa = PBXSourcesBuildPhase;
			buildActionMask = 2147483647;
			files = (
				9E1D25171846576D00ACEE9E /* CleanChinaAppTests.m in Sources */,
			);
			runOnlyForDeploymentPostprocessing = 0;
		};
/* End PBXSourcesBuildPhase section */

/* Begin PBXTargetDependency section */
		9E1D250F1846576D00ACEE9E /* PBXTargetDependency */ = {
			isa = PBXTargetDependency;
			target = 9E1D24E71846576D00ACEE9E /* CleanChinaApp */;
			targetProxy = 9E1D250E1846576D00ACEE9E /* PBXContainerItemProxy */;
		};
/* End PBXTargetDependency section */

/* Begin PBXVariantGroup section */
		9E1D24F41846576D00ACEE9E /* InfoPlist.strings */ = {
			isa = PBXVariantGroup;
			children = (
				9E1D24F51846576D00ACEE9E /* en */,
			);
			name = InfoPlist.strings;
			sourceTree = "<group>";
		};
		9E1D24FD1846576D00ACEE9E /* Main.storyboard */ = {
			isa = PBXVariantGroup;
			children = (
				9E1D24FE1846576D00ACEE9E /* Base */,
			);
			name = Main.storyboard;
			sourceTree = "<group>";
		};
		9E1D25131846576D00ACEE9E /* InfoPlist.strings */ = {
			isa = PBXVariantGroup;
			children = (
				9E1D25141846576D00ACEE9E /* en */,
			);
			name = InfoPlist.strings;
			sourceTree = "<group>";
		};
/* End PBXVariantGroup section */

/* Begin XCBuildConfiguration section */
		9E1D25181846576D00ACEE9E /* Debug */ = {
			isa = XCBuildConfiguration;
			buildSettings = {
				ALWAYS_SEARCH_USER_PATHS = NO;
				ARCHS = "$(ARCHS_STANDARD_INCLUDING_64_BIT)";
				CLANG_CXX_LANGUAGE_STANDARD = "gnu++0x";
				CLANG_CXX_LIBRARY = "libc++";
				CLANG_ENABLE_MODULES = YES;
				CLANG_ENABLE_OBJC_ARC = YES;
				CLANG_WARN_BOOL_CONVERSION = YES;
				CLANG_WARN_CONSTANT_CONVERSION = YES;
				CLANG_WARN_DIRECT_OBJC_ISA_USAGE = YES_ERROR;
				CLANG_WARN_EMPTY_BODY = YES;
				CLANG_WARN_ENUM_CONVERSION = YES;
				CLANG_WARN_INT_CONVERSION = YES;
				CLANG_WARN_OBJC_ROOT_CLASS = YES_ERROR;
				CLANG_WARN__DUPLICATE_METHOD_MATCH = YES;
				"CODE_SIGN_IDENTITY[sdk=iphoneos*]" = "iPhone Developer";
				COPY_PHASE_STRIP = NO;
				GCC_C_LANGUAGE_STANDARD = gnu99;
				GCC_DYNAMIC_NO_PIC = NO;
				GCC_OPTIMIZATION_LEVEL = 0;
				GCC_PREPROCESSOR_DEFINITIONS = (
					"DEBUG=1",
					"$(inherited)",
				);
				GCC_SYMBOLS_PRIVATE_EXTERN = NO;
				GCC_WARN_64_TO_32_BIT_CONVERSION = YES;
				GCC_WARN_ABOUT_RETURN_TYPE = YES_ERROR;
				GCC_WARN_UNDECLARED_SELECTOR = YES;
				GCC_WARN_UNINITIALIZED_AUTOS = YES;
				GCC_WARN_UNUSED_FUNCTION = YES;
				GCC_WARN_UNUSED_VARIABLE = YES;
				IPHONEOS_DEPLOYMENT_TARGET = 7.0;
				ONLY_ACTIVE_ARCH = YES;
				SDKROOT = iphoneos;
			};
			name = Debug;
		};
		9E1D25191846576D00ACEE9E /* Release */ = {
			isa = XCBuildConfiguration;
			buildSettings = {
				ALWAYS_SEARCH_USER_PATHS = NO;
				ARCHS = "$(ARCHS_STANDARD_INCLUDING_64_BIT)";
				CLANG_CXX_LANGUAGE_STANDARD = "gnu++0x";
				CLANG_CXX_LIBRARY = "libc++";
				CLANG_ENABLE_MODULES = YES;
				CLANG_ENABLE_OBJC_ARC = YES;
				CLANG_WARN_BOOL_CONVERSION = YES;
				CLANG_WARN_CONSTANT_CONVERSION = YES;
				CLANG_WARN_DIRECT_OBJC_ISA_USAGE = YES_ERROR;
				CLANG_WARN_EMPTY_BODY = YES;
				CLANG_WARN_ENUM_CONVERSION = YES;
				CLANG_WARN_INT_CONVERSION = YES;
				CLANG_WARN_OBJC_ROOT_CLASS = YES_ERROR;
				CLANG_WARN__DUPLICATE_METHOD_MATCH = YES;
				"CODE_SIGN_IDENTITY[sdk=iphoneos*]" = "iPhone Developer";
				COPY_PHASE_STRIP = YES;
				ENABLE_NS_ASSERTIONS = NO;
				GCC_C_LANGUAGE_STANDARD = gnu99;
				GCC_WARN_64_TO_32_BIT_CONVERSION = YES;
				GCC_WARN_ABOUT_RETURN_TYPE = YES_ERROR;
				GCC_WARN_UNDECLARED_SELECTOR = YES;
				GCC_WARN_UNINITIALIZED_AUTOS = YES;
				GCC_WARN_UNUSED_FUNCTION = YES;
				GCC_WARN_UNUSED_VARIABLE = YES;
				IPHONEOS_DEPLOYMENT_TARGET = 7.0;
				SDKROOT = iphoneos;
				VALIDATE_PRODUCT = YES;
			};
			name = Release;
		};
		9E1D251B1846576D00ACEE9E /* Debug */ = {
			isa = XCBuildConfiguration;
			buildSettings = {
				ASSETCATALOG_COMPILER_APPICON_NAME = AppIcon;
				ASSETCATALOG_COMPILER_LAUNCHIMAGE_NAME = LaunchImage;
				GCC_PRECOMPILE_PREFIX_HEADER = YES;
				GCC_PREFIX_HEADER = "CleanChinaApp/CleanChinaApp-Prefix.pch";
				INFOPLIST_FILE = "CleanChinaApp/CleanChinaApp-Info.plist";
				PRODUCT_NAME = "$(TARGET_NAME)";
				WRAPPER_EXTENSION = app;
			};
			name = Debug;
		};
		9E1D251C1846576D00ACEE9E /* Release */ = {
			isa = XCBuildConfiguration;
			buildSettings = {
				ASSETCATALOG_COMPILER_APPICON_NAME = AppIcon;
				ASSETCATALOG_COMPILER_LAUNCHIMAGE_NAME = LaunchImage;
				GCC_PRECOMPILE_PREFIX_HEADER = YES;
				GCC_PREFIX_HEADER = "CleanChinaApp/CleanChinaApp-Prefix.pch";
				INFOPLIST_FILE = "CleanChinaApp/CleanChinaApp-Info.plist";
				PRODUCT_NAME = "$(TARGET_NAME)";
				WRAPPER_EXTENSION = app;
			};
			name = Release;
		};
		9E1D251E1846576D00ACEE9E /* Debug */ = {
			isa = XCBuildConfiguration;
			buildSettings = {
				ARCHS = "$(ARCHS_STANDARD_INCLUDING_64_BIT)";
				BUNDLE_LOADER = "$(BUILT_PRODUCTS_DIR)/CleanChinaApp.app/CleanChinaApp";
				FRAMEWORK_SEARCH_PATHS = (
					"$(SDKROOT)/Developer/Library/Frameworks",
					"$(inherited)",
					"$(DEVELOPER_FRAMEWORKS_DIR)",
				);
				GCC_PRECOMPILE_PREFIX_HEADER = YES;
				GCC_PREFIX_HEADER = "CleanChinaApp/CleanChinaApp-Prefix.pch";
				GCC_PREPROCESSOR_DEFINITIONS = (
					"DEBUG=1",
					"$(inherited)",
				);
				INFOPLIST_FILE = "CleanChinaAppTests/CleanChinaAppTests-Info.plist";
				PRODUCT_NAME = "$(TARGET_NAME)";
				TEST_HOST = "$(BUNDLE_LOADER)";
				WRAPPER_EXTENSION = xctest;
			};
			name = Debug;
		};
		9E1D251F1846576D00ACEE9E /* Release */ = {
			isa = XCBuildConfiguration;
			buildSettings = {
				ARCHS = "$(ARCHS_STANDARD_INCLUDING_64_BIT)";
				BUNDLE_LOADER = "$(BUILT_PRODUCTS_DIR)/CleanChinaApp.app/CleanChinaApp";
				FRAMEWORK_SEARCH_PATHS = (
					"$(SDKROOT)/Developer/Library/Frameworks",
					"$(inherited)",
					"$(DEVELOPER_FRAMEWORKS_DIR)",
				);
				GCC_PRECOMPILE_PREFIX_HEADER = YES;
				GCC_PREFIX_HEADER = "CleanChinaApp/CleanChinaApp-Prefix.pch";
				INFOPLIST_FILE = "CleanChinaAppTests/CleanChinaAppTests-Info.plist";
				PRODUCT_NAME = "$(TARGET_NAME)";
				TEST_HOST = "$(BUNDLE_LOADER)";
				WRAPPER_EXTENSION = xctest;
			};
			name = Release;
		};
/* End XCBuildConfiguration section */

/* Begin XCConfigurationList section */
		9E1D24E31846576D00ACEE9E /* Build configuration list for PBXProject "CleanChinaApp" */ = {
			isa = XCConfigurationList;
			buildConfigurations = (
				9E1D25181846576D00ACEE9E /* Debug */,
				9E1D25191846576D00ACEE9E /* Release */,
			);
			defaultConfigurationIsVisible = 0;
			defaultConfigurationName = Release;
		};
		9E1D251A1846576D00ACEE9E /* Build configuration list for PBXNativeTarget "CleanChinaApp" */ = {
			isa = XCConfigurationList;
			buildConfigurations = (
				9E1D251B1846576D00ACEE9E /* Debug */,
				9E1D251C1846576D00ACEE9E /* Release */,
			);
			defaultConfigurationIsVisible = 0;
		};
		9E1D251D1846576D00ACEE9E /* Build configuration list for PBXNativeTarget "CleanChinaAppTests" */ = {
			isa = XCConfigurationList;
			buildConfigurations = (
				9E1D251E1846576D00ACEE9E /* Debug */,
				9E1D251F1846576D00ACEE9E /* Release */,
			);
			defaultConfigurationIsVisible = 0;
		};
/* End XCConfigurationList section */
	};
	rootObject = 9E1D24E01846576D00ACEE9E /* Project object */;
}
